// !$*UTF8*$!
{
	archiveVersion = 1;
	classes = {
	};
	objectVersion = 46;
	objects = {

/* Begin PBXBuildFile section */
		90730A571F432A2C00DCEFCE /* AppDelegate.swift in Sources */ = {isa = PBXBuildFile; fileRef = 90730A561F432A2C00DCEFCE /* AppDelegate.swift */; };
		90730A591F432A2C00DCEFCE /* ViewController.swift in Sources */ = {isa = PBXBuildFile; fileRef = 90730A581F432A2C00DCEFCE /* ViewController.swift */; };
		90730A5C1F432A2C00DCEFCE /* Main.storyboard in Resources */ = {isa = PBXBuildFile; fileRef = 90730A5A1F432A2C00DCEFCE /* Main.storyboard */; };
		90730A5E1F432A2C00DCEFCE /* Assets.xcassets in Resources */ = {isa = PBXBuildFile; fileRef = 90730A5D1F432A2C00DCEFCE /* Assets.xcassets */; };
		90730A611F432A2C00DCEFCE /* LaunchScreen.storyboard in Resources */ = {isa = PBXBuildFile; fileRef = 90730A5F1F432A2C00DCEFCE /* LaunchScreen.storyboard */; };
		B8D7CEDD1A4508A189FDFCE0 /* Pods_SimpleListWithRxSwift.framework in Frameworks */ = {isa = PBXBuildFile; fileRef = 13B4C8932AC1771B2074B5F4 /* Pods_SimpleListWithRxSwift.framework */; };
/* End PBXBuildFile section */

/* Begin PBXFileReference section */
		13B4C8932AC1771B2074B5F4 /* Pods_SimpleListWithRxSwift.framework */ = {isa = PBXFileReference; explicitFileType = wrapper.framework; includeInIndex = 0; path = Pods_SimpleListWithRxSwift.framework; sourceTree = BUILT_PRODUCTS_DIR; };
		17F0C78755DF12CE3E7AC480 /* Pods-SimpleListWithRxSwift.release.xcconfig */ = {isa = PBXFileReference; includeInIndex = 1; lastKnownFileType = text.xcconfig; name = "Pods-SimpleListWithRxSwift.release.xcconfig"; path = "Pods/Target Support Files/Pods-SimpleListWithRxSwift/Pods-SimpleListWithRxSwift.release.xcconfig"; sourceTree = "<group>"; };
		90730A531F432A2C00DCEFCE /* SimpleListWithRxSwift.app */ = {isa = PBXFileReference; explicitFileType = wrapper.application; includeInIndex = 0; path = SimpleListWithRxSwift.app; sourceTree = BUILT_PRODUCTS_DIR; };
		90730A561F432A2C00DCEFCE /* AppDelegate.swift */ = {isa = PBXFileReference; lastKnownFileType = sourcecode.swift; path = AppDelegate.swift; sourceTree = "<group>"; };
		90730A581F432A2C00DCEFCE /* ViewController.swift */ = {isa = PBXFileReference; lastKnownFileType = sourcecode.swift; path = ViewController.swift; sourceTree = "<group>"; };
		90730A5B1F432A2C00DCEFCE /* Base */ = {isa = PBXFileReference; lastKnownFileType = file.storyboard; name = Base; path = Base.lproj/Main.storyboard; sourceTree = "<group>"; };
		90730A5D1F432A2C00DCEFCE /* Assets.xcassets */ = {isa = PBXFileReference; lastKnownFileType = folder.assetcatalog; path = Assets.xcassets; sourceTree = "<group>"; };
		90730A601F432A2C00DCEFCE /* Base */ = {isa = PBXFileReference; lastKnownFileType = file.storyboard; name = Base; path = Base.lproj/LaunchScreen.storyboard; sourceTree = "<group>"; };
		90730A621F432A2C00DCEFCE /* Info.plist */ = {isa = PBXFileReference; lastKnownFileType = text.plist.xml; path = Info.plist; sourceTree = "<group>"; };
		FFC55B6D3FB023F233980B8E /* Pods-SimpleListWithRxSwift.debug.xcconfig */ = {isa = PBXFileReference; includeInIndex = 1; lastKnownFileType = text.xcconfig; name = "Pods-SimpleListWithRxSwift.debug.xcconfig"; path = "Pods/Target Support Files/Pods-SimpleListWithRxSwift/Pods-SimpleListWithRxSwift.debug.xcconfig"; sourceTree = "<group>"; };
/* End PBXFileReference section */

/* Begin PBXFrameworksBuildPhase section */
		90730A501F432A2C00DCEFCE /* Frameworks */ = {
			isa = PBXFrameworksBuildPhase;
			buildActionMask = 2147483647;
			files = (
				B8D7CEDD1A4508A189FDFCE0 /* Pods_SimpleListWithRxSwift.framework in Frameworks */,
			);
			runOnlyForDeploymentPostprocessing = 0;
		};
/* End PBXFrameworksBuildPhase section */

/* Begin PBXGroup section */
		90730A4A1F432A2C00DCEFCE = {
			isa = PBXGroup;
			children = (
				90730A551F432A2C00DCEFCE /* SimpleListWithRxSwift */,
				90730A541F432A2C00DCEFCE /* Products */,
				D00FC444CFD7B30592F5BBA4 /* Pods */,
				EEFCEF764E5C253612F432F9 /* Frameworks */,
			);
			sourceTree = "<group>";
		};
		90730A541F432A2C00DCEFCE /* Products */ = {
			isa = PBXGroup;
			children = (
				90730A531F432A2C00DCEFCE /* SimpleListWithRxSwift.app */,
			);
			name = Products;
			sourceTree = "<group>";
		};
		90730A551F432A2C00DCEFCE /* SimpleListWithRxSwift */ = {
			isa = PBXGroup;
			children = (
				90730A561F432A2C00DCEFCE /* AppDelegate.swift */,
				90730A581F432A2C00DCEFCE /* ViewController.swift */,
				90730A5A1F432A2C00DCEFCE /* Main.storyboard */,
				90730A5D1F432A2C00DCEFCE /* Assets.xcassets */,
				90730A5F1F432A2C00DCEFCE /* LaunchScreen.storyboard */,
				90730A621F432A2C00DCEFCE /* Info.plist */,
			);
			path = SimpleListWithRxSwift;
			sourceTree = "<group>";
		};
		D00FC444CFD7B30592F5BBA4 /* Pods */ = {
			isa = PBXGroup;
			children = (
				FFC55B6D3FB023F233980B8E /* Pods-SimpleListWithRxSwift.debug.xcconfig */,
				17F0C78755DF12CE3E7AC480 /* Pods-SimpleListWithRxSwift.release.xcconfig */,
			);
			name = Pods;
			sourceTree = "<group>";
		};
		EEFCEF764E5C253612F432F9 /* Frameworks */ = {
			isa = PBXGroup;
			children = (
				13B4C8932AC1771B2074B5F4 /* Pods_SimpleListWithRxSwift.framework */,
			);
			name = Frameworks;
			sourceTree = "<group>";
		};
/* End PBXGroup section */

/* Begin PBXNativeTarget section */
		90730A521F432A2C00DCEFCE /* SimpleListWithRxSwift */ = {
			isa = PBXNativeTarget;
			buildConfigurationList = 90730A651F432A2C00DCEFCE /* Build configuration list for PBXNativeTarget "SimpleListWithRxSwift" */;
			buildPhases = (
				5428A797A29E16798361E7B8 /* [CP] Check Pods Manifest.lock */,
				90730A4F1F432A2C00DCEFCE /* Sources */,
				90730A501F432A2C00DCEFCE /* Frameworks */,
				90730A511F432A2C00DCEFCE /* Resources */,
				A0FFB0D8824DC6ED15183BA2 /* [CP] Embed Pods Frameworks */,
				4432A5971D8A8E9C7DED16E2 /* [CP] Copy Pods Resources */,
			);
			buildRules = (
			);
			dependencies = (
			);
			name = SimpleListWithRxSwift;
			productName = SimpleListWithRxSwift;
			productReference = 90730A531F432A2C00DCEFCE /* SimpleListWithRxSwift.app */;
			productType = "com.apple.product-type.application";
		};
/* End PBXNativeTarget section */

/* Begin PBXProject section */
		90730A4B1F432A2C00DCEFCE /* Project object */ = {
			isa = PBXProject;
			attributes = {
				LastSwiftUpdateCheck = 0830;
				LastUpgradeCheck = 0830;
				ORGANIZATIONNAME = SWS;
				TargetAttributes = {
					90730A521F432A2C00DCEFCE = {
						CreatedOnToolsVersion = 8.3.2;
						DevelopmentTeam = 5SYYZ79TN7;
						ProvisioningStyle = Automatic;
					};
				};
			};
			buildConfigurationList = 90730A4E1F432A2C00DCEFCE /* Build configuration list for PBXProject "SimpleListWithRxSwift" */;
			compatibilityVersion = "Xcode 3.2";
			developmentRegion = English;
			hasScannedForEncodings = 0;
			knownRegions = (
				en,
				Base,
			);
			mainGroup = 90730A4A1F432A2C00DCEFCE;
			productRefGroup = 90730A541F432A2C00DCEFCE /* Products */;
			projectDirPath = "";
			projectRoot = "";
			targets = (
				90730A521F432A2C00DCEFCE /* SimpleListWithRxSwift */,
			);
		};
/* End PBXProject section */

/* Begin PBXResourcesBuildPhase section */
		90730A511F432A2C00DCEFCE /* Resources */ = {
			isa = PBXResourcesBuildPhase;
			buildActionMask = 2147483647;
			files = (
				90730A611F432A2C00DCEFCE /* LaunchScreen.storyboard in Resources */,
				90730A5E1F432A2C00DCEFCE /* Assets.xcassets in Resources */,
				90730A5C1F432A2C00DCEFCE /* Main.storyboard in Resources */,
			);
			runOnlyForDeploymentPostprocessing = 0;
		};
/* End PBXResourcesBuildPhase section */

/* Begin PBXShellScriptBuildPhase section */
		4432A5971D8A8E9C7DED16E2 /* [CP] Copy Pods Resources */ = {
			isa = PBXShellScriptBuildPhase;
			buildActionMask = 2147483647;
			files = (
			);
			inputPaths = (
			);
			name = "[CP] Copy Pods Resources";
			outputPaths = (
			);
			runOnlyForDeploymentPostprocessing = 0;
			shellPath = /bin/sh;
			shellScript = "\"${SRCROOT}/Pods/Target Support Files/Pods-SimpleListWithRxSwift/Pods-SimpleListWithRxSwift-resources.sh\"\n";
			showEnvVarsInLog = 0;
		};
		5428A797A29E16798361E7B8 /* [CP] Check Pods Manifest.lock */ = {
			isa = PBXShellScriptBuildPhase;
			buildActionMask = 2147483647;
			files = (
			);
			inputPaths = (
			);
			name = "[CP] Check Pods Manifest.lock";
			outputPaths = (
			);
			runOnlyForDeploymentPostprocessing = 0;
			shellPath = /bin/sh;
			shellScript = "diff \"${PODS_ROOT}/../Podfile.lock\" \"${PODS_ROOT}/Manifest.lock\" > /dev/null\nif [ $? != 0 ] ; then\n    # print error to STDERR\n    echo \"error: The sandbox is not in sync with the Podfile.lock. Run 'pod install' or update your CocoaPods installation.\" >&2\n    exit 1\nfi\n";
			showEnvVarsInLog = 0;
		};
		A0FFB0D8824DC6ED15183BA2 /* [CP] Embed Pods Frameworks */ = {
			isa = PBXShellScriptBuildPhase;
			buildActionMask = 2147483647;
			files = (
			);
			inputPaths = (
			);
			name = "[CP] Embed Pods Frameworks";
			outputPaths = (
			);
			runOnlyForDeploymentPostprocessing = 0;
			shellPath = /bin/sh;
			shellScript = "\"${SRCROOT}/Pods/Target Support Files/Pods-SimpleListWithRxSwift/Pods-SimpleListWithRxSwift-frameworks.sh\"\n";
			showEnvVarsInLog = 0;
		};
/* End PBXShellScriptBuildPhase section */

/* Begin PBXSourcesBuildPhase section */
		90730A4F1F432A2C00DCEFCE /* Sources */ = {
			isa = PBXSourcesBuildPhase;
			buildActionMask = 2147483647;
			files = (
				90730A591F432A2C00DCEFCE /* ViewController.swift in Sources */,
				90730A571F432A2C00DCEFCE /* AppDelegate.swift in Sources */,
			);
			runOnlyForDeploymentPostprocessing = 0;
		};
/* End PBXSourcesBuildPhase section */

/* Begin PBXVariantGroup section */
		90730A5A1F432A2C00DCEFCE /* Main.storyboard */ = {
			isa = PBXVariantGroup;
			children = (
				90730A5B1F432A2C00DCEFCE /* Base */,
			);
			name = Main.storyboard;
			sourceTree = "<group>";
		};
		90730A5F1F432A2C00DCEFCE /* LaunchScreen.storyboard */ = {
			isa = PBXVariantGroup;
			children = (
				90730A601F432A2C00DCEFCE /* Base */,
			);
			name = LaunchScreen.storyboard;
			sourceTree = "<group>";
		};
/* End PBXVariantGroup section */

/* Begin XCBuildConfiguration section */
		90730A631F432A2C00DCEFCE /* Debug */ = {
			isa = XCBuildConfiguration;
			buildSettings = {
				ALWAYS_SEARCH_USER_PATHS = NO;
				CLANG_ANALYZER_NONNULL = YES;
				CLANG_ANALYZER_NUMBER_OBJECT_CONVERSION = YES_AGGRESSIVE;
				CLANG_CXX_LANGUAGE_STANDARD = "gnu++0x";
				CLANG_CXX_LIBRARY = "libc++";
				CLANG_ENABLE_MODULES = YES;
				CLANG_ENABLE_OBJC_ARC = YES;
				CLANG_WARN_BOOL_CONVERSION = YES;
				CLANG_WARN_CONSTANT_CONVERSION = YES;
				CLANG_WARN_DIRECT_OBJC_ISA_USAGE = YES_ERROR;
				CLANG_WARN_DOCUMENTATION_COMMENTS = YES;
				CLANG_WARN_EMPTY_BODY = YES;
				CLANG_WARN_ENUM_CONVERSION = YES;
				CLANG_WARN_INFINITE_RECURSION = YES;
				CLANG_WARN_INT_CONVERSION = YES;
				CLANG_WARN_OBJC_ROOT_CLASS = YES_ERROR;
				CLANG_WARN_SUSPICIOUS_MOVE = YES;
				CLANG_WARN_UNREACHABLE_CODE = YES;
				CLANG_WARN__DUPLICATE_METHOD_MATCH = YES;
				"CODE_SIGN_IDENTITY[sdk=iphoneos*]" = "iPhone Developer";
				COPY_PHASE_STRIP = NO;
				DEBUG_INFORMATION_FORMAT = dwarf;
				ENABLE_STRICT_OBJC_MSGSEND = YES;
				ENABLE_TESTABILITY = YES;
				GCC_C_LANGUAGE_STANDARD = gnu99;
				GCC_DYNAMIC_NO_PIC = NO;
				GCC_NO_COMMON_BLOCKS = YES;
				GCC_OPTIMIZATION_LEVEL = 0;
				GCC_PREPROCESSOR_DEFINITIONS = (
					"DEBUG=1",
					"$(inherited)",
				);
				GCC_WARN_64_TO_32_BIT_CONVERSION = YES;
				GCC_WARN_ABOUT_RETURN_TYPE = YES_ERROR;
				GCC_WARN_UNDECLARED_SELECTOR = YES;
				GCC_WARN_UNINITIALIZED_AUTOS = YES_AGGRESSIVE;
				GCC_WARN_UNUSED_FUNCTION = YES;
				GCC_WARN_UNUSED_VARIABLE = YES;
				IPHONEOS_DEPLOYMENT_TARGET = 10.3;
				MTL_ENABLE_DEBUG_INFO = YES;
				ONLY_ACTIVE_ARCH = YES;
				SDKROOT = iphoneos;
				SWIFT_ACTIVE_COMPILATION_CONDITIONS = DEBUG;
				SWIFT_OPTIMIZATION_LEVEL = "-Onone";
			};
			name = Debug;
		};
		90730A641F432A2C00DCEFCE /* Release */ = {
			isa = XCBuildConfiguration;
			buildSettings = {
				ALWAYS_SEARCH_USER_PATHS = NO;
				CLANG_ANALYZER_NONNULL = YES;
				CLANG_ANALYZER_NUMBER_OBJECT_CONVERSION = YES_AGGRESSIVE;
				CLANG_CXX_LANGUAGE_STANDARD = "gnu++0x";
				CLANG_CXX_LIBRARY = "libc++";
				CLANG_ENABLE_MODULES = YES;
				CLANG_ENABLE_OBJC_ARC = YES;
				CLANG_WARN_BOOL_CONVERSION = YES;
				CLANG_WARN_CONSTANT_CONVERSION = YES;
				CLANG_WARN_DIRECT_OBJC_ISA_USAGE = YES_ERROR;
				CLANG_WARN_DOCUMENTATION_COMMENTS = YES;
				CLANG_WARN_EMPTY_BODY = YES;
				CLANG_WARN_ENUM_CONVERSION = YES;
				CLANG_WARN_INFINITE_RECURSION = YES;
				CLANG_WARN_INT_CONVERSION = YES;
				CLANG_WARN_OBJC_ROOT_CLASS = YES_ERROR;
				CLANG_WARN_SUSPICIOUS_MOVE = YES;
				CLANG_WARN_UNREACHABLE_CODE = YES;
				CLANG_WARN__DUPLICATE_METHOD_MATCH = YES;
				"CODE_SIGN_IDENTITY[sdk=iphoneos*]" = "iPhone Developer";
				COPY_PHASE_STRIP = NO;
				DEBUG_INFORMATION_FORMAT = "dwarf-with-dsym";
				ENABLE_NS_ASSERTIONS = NO;
				ENABLE_STRICT_OBJC_MSGSEND = YES;
				GCC_C_LANGUAGE_STANDARD = gnu99;
				GCC_NO_COMMON_BLOCKS = YES;
				GCC_WARN_64_TO_32_BIT_CONVERSION = YES;
				GCC_WARN_ABOUT_RETURN_TYPE = YES_ERROR;
				GCC_WARN_UNDECLARED_SELECTOR = YES;
				GCC_WARN_UNINITIALIZED_AUTOS = YES_AGGRESSIVE;
				GCC_WARN_UNUSED_FUNCTION = YES;
				GCC_WARN_UNUSED_VARIABLE = YES;
				IPHONEOS_DEPLOYMENT_TARGET = 10.3;
				MTL_ENABLE_DEBUG_INFO = NO;
				SDKROOT = iphoneos;
				SWIFT_OPTIMIZATION_LEVEL = "-Owholemodule";
				VALIDATE_PRODUCT = YES;
			};
			name = Release;
		};
		90730A661F432A2C00DCEFCE /* Debug */ = {
			isa = XCBuildConfiguration;
			baseConfigurationReference = FFC55B6D3FB023F233980B8E /* Pods-SimpleListWithRxSwift.debug.xcconfig */;
			buildSettings = {
				ASSETCATALOG_COMPILER_APPICON_NAME = AppIcon;
				DEVELOPMENT_TEAM = 5SYYZ79TN7;
				INFOPLIST_FILE = SimpleListWithRxSwift/Info.plist;
				LD_RUNPATH_SEARCH_PATHS = "$(inherited) @executable_path/Frameworks";
				PRODUCT_BUNDLE_IDENTIFIER = SWS.SimpleListWithRxSwift;
				PRODUCT_NAME = "$(TARGET_NAME)";
				SWIFT_VERSION = 3.0;
			};
			name = Debug;
		};
		90730A671F432A2C00DCEFCE /* Release */ = {
			isa = XCBuildConfiguration;
			baseConfigurationReference = 17F0C78755DF12CE3E7AC480 /* Pods-SimpleListWithRxSwift.release.xcconfig */;
			buildSettings = {
				ASSETCATALOG_COMPILER_APPICON_NAME = AppIcon;
				DEVELOPMENT_TEAM = 5SYYZ79TN7;
				INFOPLIST_FILE = SimpleListWithRxSwift/Info.plist;
				LD_RUNPATH_SEARCH_PATHS = "$(inherited) @executable_path/Frameworks";
				PRODUCT_BUNDLE_IDENTIFIER = SWS.SimpleListWithRxSwift;
				PRODUCT_NAME = "$(TARGET_NAME)";
				SWIFT_VERSION = 3.0;
			};
			name = Release;
		};
/* End XCBuildConfiguration section */

/* Begin XCConfigurationList section */
		90730A4E1F432A2C00DCEFCE /* Build configuration list for PBXProject "SimpleListWithRxSwift" */ = {
			isa = XCConfigurationList;
			buildConfigurations = (
				90730A631F432A2C00DCEFCE /* Debug */,
				90730A641F432A2C00DCEFCE /* Release */,
			);
			defaultConfigurationIsVisible = 0;
			defaultConfigurationName = Release;
		};
		90730A651F432A2C00DCEFCE /* Build configuration list for PBXNativeTarget "SimpleListWithRxSwift" */ = {
			isa = XCConfigurationList;
			buildConfigurations = (
				90730A661F432A2C00DCEFCE /* Debug */,
				90730A671F432A2C00DCEFCE /* Release */,
			);
			defaultConfigurationIsVisible = 0;
		};
/* End XCConfigurationList section */
	};
	rootObject = 90730A4B1F432A2C00DCEFCE /* Project object */;
}
